// !$*UTF8*$!
{
	archiveVersion = 1;
	classes = {
	};
	objectVersion = 50;
	objects = {

/* Begin PBXBuildFile section */
		194C1F792186A8910066BA24 /* ProductManagementVC.swift in Sources */ = {isa = PBXBuildFile; fileRef = 194C1F782186A8910066BA24 /* ProductManagementVC.swift */; };
		194C1F7B2186AA080066BA24 /* ProductCell_m.swift in Sources */ = {isa = PBXBuildFile; fileRef = 194C1F7A2186AA080066BA24 /* ProductCell_m.swift */; };
		194C1F7D2186DB1D0066BA24 /* ProductAddController.swift in Sources */ = {isa = PBXBuildFile; fileRef = 194C1F7C2186DB1D0066BA24 /* ProductAddController.swift */; };
		194C1F9D2186E8F00066BA24 /* HoshiTextField.swift in Sources */ = {isa = PBXBuildFile; fileRef = 194C1F9B2186E8F00066BA24 /* HoshiTextField.swift */; };
		194C1F9E2186E8F00066BA24 /* TextFieldEffects.swift in Sources */ = {isa = PBXBuildFile; fileRef = 194C1F9C2186E8F00066BA24 /* TextFieldEffects.swift */; };
		194C1FA02186E9640066BA24 /* AkiraTextField.swift in Sources */ = {isa = PBXBuildFile; fileRef = 194C1F9F2186E9640066BA24 /* AkiraTextField.swift */; };
		194C1FA4218700380066BA24 /* CSLoader.swift in Sources */ = {isa = PBXBuildFile; fileRef = 194C1FA3218700380066BA24 /* CSLoader.swift */; };
		194C1FAA2187068A0066BA24 /* loader.gif in Resources */ = {isa = PBXBuildFile; fileRef = 194C1FA92187068A0066BA24 /* loader.gif */; };
		19630EC721742EE9004C1CE0 /* CSRegView.swift in Sources */ = {isa = PBXBuildFile; fileRef = 19630EC621742EE9004C1CE0 /* CSRegView.swift */; };
		19630ED221747F67004C1CE0 /* UserInfoVO.swift in Sources */ = {isa = PBXBuildFile; fileRef = 19630ED121747F67004C1CE0 /* UserInfoVO.swift */; };
		19630EDC2174874D004C1CE0 /* Utils.swift in Sources */ = {isa = PBXBuildFile; fileRef = 19630EDB2174874D004C1CE0 /* Utils.swift */; };
		19630EE32176CE07004C1CE0 /* mainLogo.png in Resources */ = {isa = PBXBuildFile; fileRef = 19630EE22176CE07004C1CE0 /* mainLogo.png */; };
		19630EE921784E0E004C1CE0 /* SideBarController.swift in Sources */ = {isa = PBXBuildFile; fileRef = 19630EE821784E0E004C1CE0 /* SideBarController.swift */; };
		19630EF92178559B004C1CE0 /* SWRevealViewController.m in Sources */ = {isa = PBXBuildFile; fileRef = 19630EF82178559A004C1CE0 /* SWRevealViewController.m */; };
		19630EFB2178B513004C1CE0 /* SideTableController.swift in Sources */ = {isa = PBXBuildFile; fileRef = 19630EFA2178B513004C1CE0 /* SideTableController.swift */; };
		199F53CD218040000070D016 /* ProductListVC.swift in Sources */ = {isa = PBXBuildFile; fileRef = 199F53CC218040000070D016 /* ProductListVC.swift */; };
		199F53CF2180402D0070D016 /* ProductCell.swift in Sources */ = {isa = PBXBuildFile; fileRef = 199F53CE2180402D0070D016 /* ProductCell.swift */; };
		199F53D1218040A70070D016 /* ProductInfoVO.swift in Sources */ = {isa = PBXBuildFile; fileRef = 199F53D0218040A70070D016 /* ProductInfoVO.swift */; };
		19AF84BB217042AA00329215 /* AppDelegate.swift in Sources */ = {isa = PBXBuildFile; fileRef = 19AF84BA217042AA00329215 /* AppDelegate.swift */; };
		19AF84C0217042AA00329215 /* Main.storyboard in Resources */ = {isa = PBXBuildFile; fileRef = 19AF84BE217042AA00329215 /* Main.storyboard */; };
		19AF84C3217042AA00329215 /* WDrone.xcdatamodeld in Sources */ = {isa = PBXBuildFile; fileRef = 19AF84C1217042AA00329215 /* WDrone.xcdatamodeld */; };
		19AF84C5217042AB00329215 /* Assets.xcassets in Resources */ = {isa = PBXBuildFile; fileRef = 19AF84C4217042AB00329215 /* Assets.xcassets */; };
		19AF84C8217042AB00329215 /* LaunchScreen.storyboard in Resources */ = {isa = PBXBuildFile; fileRef = 19AF84C6217042AB00329215 /* LaunchScreen.storyboard */; };
		19AF84D02170435800329215 /* FirstPageController.swift in Sources */ = {isa = PBXBuildFile; fileRef = 19AF84CF2170435800329215 /* FirstPageController.swift */; };
		19AF84D52170447800329215 /* gif_bk.swift in Sources */ = {isa = PBXBuildFile; fileRef = 19AF84D42170447700329215 /* gif_bk.swift */; };
		19AF84F42170490F00329215 /* first_bg.gif in Resources */ = {isa = PBXBuildFile; fileRef = 19AF84F32170490F00329215 /* first_bg.gif */; };
		19AF84F621704A3B00329215 /* CSButton.swift in Sources */ = {isa = PBXBuildFile; fileRef = 19AF84F521704A3B00329215 /* CSButton.swift */; };
		19AF84F7217075A100329215 /* BMJUA_ttf.ttf in Resources */ = {isa = PBXBuildFile; fileRef = 19AF84D12170444400329215 /* BMJUA_ttf.ttf */; };
		19AF84F92170809700329215 /* CSTextField.swift in Sources */ = {isa = PBXBuildFile; fileRef = 19AF84F82170809700329215 /* CSTextField.swift */; };
		EA1FCA709DD69CA88600D7A9 /* Pods_WDrone.framework in Frameworks */ = {isa = PBXBuildFile; fileRef = E8675580AE30501643E8A868 /* Pods_WDrone.framework */; };
/* End PBXBuildFile section */

/* Begin PBXFileReference section */
		194C1F782186A8910066BA24 /* ProductManagementVC.swift */ = {isa = PBXFileReference; lastKnownFileType = sourcecode.swift; path = ProductManagementVC.swift; sourceTree = "<group>"; };
		194C1F7A2186AA080066BA24 /* ProductCell_m.swift */ = {isa = PBXFileReference; lastKnownFileType = sourcecode.swift; path = ProductCell_m.swift; sourceTree = "<group>"; };
		194C1F7C2186DB1D0066BA24 /* ProductAddController.swift */ = {isa = PBXFileReference; lastKnownFileType = sourcecode.swift; path = ProductAddController.swift; sourceTree = "<group>"; };
		194C1F9A2186E8F00066BA24 /* TextFieldEffects.h */ = {isa = PBXFileReference; fileEncoding = 4; lastKnownFileType = sourcecode.c.h; path = TextFieldEffects.h; sourceTree = "<group>"; };
		194C1F9B2186E8F00066BA24 /* HoshiTextField.swift */ = {isa = PBXFileReference; fileEncoding = 4; lastKnownFileType = sourcecode.swift; path = HoshiTextField.swift; sourceTree = "<group>"; };
		194C1F9C2186E8F00066BA24 /* TextFieldEffects.swift */ = {isa = PBXFileReference; fileEncoding = 4; lastKnownFileType = sourcecode.swift; path = TextFieldEffects.swift; sourceTree = "<group>"; };
		194C1F9F2186E9640066BA24 /* AkiraTextField.swift */ = {isa = PBXFileReference; fileEncoding = 4; lastKnownFileType = sourcecode.swift; path = AkiraTextField.swift; sourceTree = "<group>"; };
		194C1FA3218700380066BA24 /* CSLoader.swift */ = {isa = PBXFileReference; lastKnownFileType = sourcecode.swift; path = CSLoader.swift; sourceTree = "<group>"; };
		194C1FA92187068A0066BA24 /* loader.gif */ = {isa = PBXFileReference; lastKnownFileType = image.gif; path = loader.gif; sourceTree = "<group>"; };
		19630EC621742EE9004C1CE0 /* CSRegView.swift */ = {isa = PBXFileReference; lastKnownFileType = sourcecode.swift; path = CSRegView.swift; sourceTree = "<group>"; };
		19630ED121747F67004C1CE0 /* UserInfoVO.swift */ = {isa = PBXFileReference; lastKnownFileType = sourcecode.swift; path = UserInfoVO.swift; sourceTree = "<group>"; };
		19630EDB2174874D004C1CE0 /* Utils.swift */ = {isa = PBXFileReference; lastKnownFileType = sourcecode.swift; path = Utils.swift; sourceTree = "<group>"; };
		19630EE22176CE07004C1CE0 /* mainLogo.png */ = {isa = PBXFileReference; lastKnownFileType = image.png; path = mainLogo.png; sourceTree = "<group>"; };
		19630EE821784E0E004C1CE0 /* SideBarController.swift */ = {isa = PBXFileReference; lastKnownFileType = sourcecode.swift; path = SideBarController.swift; sourceTree = "<group>"; };
		19630EF621785599004C1CE0 /* WDrone-Bridging-Header.h */ = {isa = PBXFileReference; lastKnownFileType = sourcecode.c.h; path = "WDrone-Bridging-Header.h"; sourceTree = "<group>"; };
		19630EF72178559A004C1CE0 /* SWRevealViewController.h */ = {isa = PBXFileReference; fileEncoding = 4; lastKnownFileType = sourcecode.c.h; path = SWRevealViewController.h; sourceTree = "<group>"; };
		19630EF82178559A004C1CE0 /* SWRevealViewController.m */ = {isa = PBXFileReference; fileEncoding = 4; lastKnownFileType = sourcecode.c.objc; path = SWRevealViewController.m; sourceTree = "<group>"; };
		19630EFA2178B513004C1CE0 /* SideTableController.swift */ = {isa = PBXFileReference; lastKnownFileType = sourcecode.swift; path = SideTableController.swift; sourceTree = "<group>"; };
		199F53CC218040000070D016 /* ProductListVC.swift */ = {isa = PBXFileReference; lastKnownFileType = sourcecode.swift; path = ProductListVC.swift; sourceTree = "<group>"; };
		199F53CE2180402D0070D016 /* ProductCell.swift */ = {isa = PBXFileReference; lastKnownFileType = sourcecode.swift; path = ProductCell.swift; sourceTree = "<group>"; };
		199F53D0218040A70070D016 /* ProductInfoVO.swift */ = {isa = PBXFileReference; lastKnownFileType = sourcecode.swift; path = ProductInfoVO.swift; sourceTree = "<group>"; };
		19AF84B7217042AA00329215 /* WDrone.app */ = {isa = PBXFileReference; explicitFileType = wrapper.application; includeInIndex = 0; path = WDrone.app; sourceTree = BUILT_PRODUCTS_DIR; };
		19AF84BA217042AA00329215 /* AppDelegate.swift */ = {isa = PBXFileReference; lastKnownFileType = sourcecode.swift; path = AppDelegate.swift; sourceTree = "<group>"; };
		19AF84BF217042AA00329215 /* Base */ = {isa = PBXFileReference; lastKnownFileType = file.storyboard; name = Base; path = Base.lproj/Main.storyboard; sourceTree = "<group>"; };
		19AF84C2217042AA00329215 /* WDrone.xcdatamodel */ = {isa = PBXFileReference; lastKnownFileType = wrapper.xcdatamodel; path = WDrone.xcdatamodel; sourceTree = "<group>"; };
		19AF84C4217042AB00329215 /* Assets.xcassets */ = {isa = PBXFileReference; lastKnownFileType = folder.assetcatalog; path = Assets.xcassets; sourceTree = "<group>"; };
		19AF84C7217042AB00329215 /* Base */ = {isa = PBXFileReference; lastKnownFileType = file.storyboard; name = Base; path = Base.lproj/LaunchScreen.storyboard; sourceTree = "<group>"; };
		19AF84C9217042AB00329215 /* Info.plist */ = {isa = PBXFileReference; lastKnownFileType = text.plist.xml; path = Info.plist; sourceTree = "<group>"; };
		19AF84CF2170435800329215 /* FirstPageController.swift */ = {isa = PBXFileReference; lastKnownFileType = sourcecode.swift; path = FirstPageController.swift; sourceTree = "<group>"; };
		19AF84D12170444400329215 /* BMJUA_ttf.ttf */ = {isa = PBXFileReference; lastKnownFileType = file; path = BMJUA_ttf.ttf; sourceTree = "<group>"; };
		19AF84D42170447700329215 /* gif_bk.swift */ = {isa = PBXFileReference; fileEncoding = 4; lastKnownFileType = sourcecode.swift; path = gif_bk.swift; sourceTree = "<group>"; };
		19AF84F32170490F00329215 /* first_bg.gif */ = {isa = PBXFileReference; lastKnownFileType = image.gif; path = first_bg.gif; sourceTree = "<group>"; };
		19AF84F521704A3B00329215 /* CSButton.swift */ = {isa = PBXFileReference; lastKnownFileType = sourcecode.swift; path = CSButton.swift; sourceTree = "<group>"; };
		19AF84F82170809700329215 /* CSTextField.swift */ = {isa = PBXFileReference; lastKnownFileType = sourcecode.swift; path = CSTextField.swift; sourceTree = "<group>"; };
		DC40139E310F47B1CFFA6607 /* Pods-WDrone.release.xcconfig */ = {isa = PBXFileReference; includeInIndex = 1; lastKnownFileType = text.xcconfig; name = "Pods-WDrone.release.xcconfig"; path = "Pods/Target Support Files/Pods-WDrone/Pods-WDrone.release.xcconfig"; sourceTree = "<group>"; };
		E8675580AE30501643E8A868 /* Pods_WDrone.framework */ = {isa = PBXFileReference; explicitFileType = wrapper.framework; includeInIndex = 0; path = Pods_WDrone.framework; sourceTree = BUILT_PRODUCTS_DIR; };
		F82BA1D4BA89AEAD810E94AD /* Pods-WDrone.debug.xcconfig */ = {isa = PBXFileReference; includeInIndex = 1; lastKnownFileType = text.xcconfig; name = "Pods-WDrone.debug.xcconfig"; path = "Pods/Target Support Files/Pods-WDrone/Pods-WDrone.debug.xcconfig"; sourceTree = "<group>"; };
/* End PBXFileReference section */

/* Begin PBXFrameworksBuildPhase section */
		19AF84B4217042AA00329215 /* Frameworks */ = {
			isa = PBXFrameworksBuildPhase;
			buildActionMask = 2147483647;
			files = (
				EA1FCA709DD69CA88600D7A9 /* Pods_WDrone.framework in Frameworks */,
			);
			runOnlyForDeploymentPostprocessing = 0;
		};
/* End PBXFrameworksBuildPhase section */

/* Begin PBXGroup section */
		19AF84AE217042AA00329215 = {
			isa = PBXGroup;
			children = (
				19AF84B9217042AA00329215 /* WDrone */,
				19AF84B8217042AA00329215 /* Products */,
				610B3045CE6A7100C615003B /* Pods */,
				BB1030E678B44AD4BB1DAFE7 /* Frameworks */,
			);
			sourceTree = "<group>";
		};
		19AF84B8217042AA00329215 /* Products */ = {
			isa = PBXGroup;
			children = (
				19AF84B7217042AA00329215 /* WDrone.app */,
			);
			name = Products;
			sourceTree = "<group>";
		};
		19AF84B9217042AA00329215 /* WDrone */ = {
			isa = PBXGroup;
			children = (
				19AF84BA217042AA00329215 /* AppDelegate.swift */,
				19AF84CF2170435800329215 /* FirstPageController.swift */,
				19630EE821784E0E004C1CE0 /* SideBarController.swift */,
				19630EFA2178B513004C1CE0 /* SideTableController.swift */,
				194C1F782186A8910066BA24 /* ProductManagementVC.swift */,
				194C1F7A2186AA080066BA24 /* ProductCell_m.swift */,
				199F53CC218040000070D016 /* ProductListVC.swift */,
				199F53CE2180402D0070D016 /* ProductCell.swift */,
				194C1F7C2186DB1D0066BA24 /* ProductAddController.swift */,
				19AF84BE217042AA00329215 /* Main.storyboard */,
				19AF84C4217042AB00329215 /* Assets.xcassets */,
				19AF84C6217042AB00329215 /* LaunchScreen.storyboard */,
				19AF84C9217042AB00329215 /* Info.plist */,
				19AF84C1217042AA00329215 /* WDrone.xcdatamodeld */,
				194C1FA3218700380066BA24 /* CSLoader.swift */,
				19AF84F521704A3B00329215 /* CSButton.swift */,
				19AF84F82170809700329215 /* CSTextField.swift */,
				194C1F9B2186E8F00066BA24 /* HoshiTextField.swift */,
				194C1F9A2186E8F00066BA24 /* TextFieldEffects.h */,
				194C1F9C2186E8F00066BA24 /* TextFieldEffects.swift */,
				194C1F9F2186E9640066BA24 /* AkiraTextField.swift */,
				19630EC621742EE9004C1CE0 /* CSRegView.swift */,
				199F53D0218040A70070D016 /* ProductInfoVO.swift */,
				19630ED121747F67004C1CE0 /* UserInfoVO.swift */,
				19630EDB2174874D004C1CE0 /* Utils.swift */,
				19630EF72178559A004C1CE0 /* SWRevealViewController.h */,
				19630EF82178559A004C1CE0 /* SWRevealViewController.m */,
				19630EF621785599004C1CE0 /* WDrone-Bridging-Header.h */,
				19AF84D12170444400329215 /* BMJUA_ttf.ttf */,
				19AF84D42170447700329215 /* gif_bk.swift */,
				194C1FA92187068A0066BA24 /* loader.gif */,
				19AF84F32170490F00329215 /* first_bg.gif */,
				19630EE22176CE07004C1CE0 /* mainLogo.png */,
			);
			path = WDrone;
			sourceTree = "<group>";
		};
		610B3045CE6A7100C615003B /* Pods */ = {
			isa = PBXGroup;
			children = (
				F82BA1D4BA89AEAD810E94AD /* Pods-WDrone.debug.xcconfig */,
				DC40139E310F47B1CFFA6607 /* Pods-WDrone.release.xcconfig */,
			);
			name = Pods;
			sourceTree = "<group>";
		};
		BB1030E678B44AD4BB1DAFE7 /* Frameworks */ = {
			isa = PBXGroup;
			children = (
				E8675580AE30501643E8A868 /* Pods_WDrone.framework */,
			);
			name = Frameworks;
			sourceTree = "<group>";
		};
/* End PBXGroup section */

/* Begin PBXNativeTarget section */
		19AF84B6217042AA00329215 /* WDrone */ = {
			isa = PBXNativeTarget;
			buildConfigurationList = 19AF84CC217042AB00329215 /* Build configuration list for PBXNativeTarget "WDrone" */;
			buildPhases = (
				450F3EB92CDF7E2E058739DC /* [CP] Check Pods Manifest.lock */,
				19AF84B3217042AA00329215 /* Sources */,
				19AF84B4217042AA00329215 /* Frameworks */,
				19AF84B5217042AA00329215 /* Resources */,
				C65CDF2BC85BF93A2579B60D /* [CP] Embed Pods Frameworks */,
			);
			buildRules = (
			);
			dependencies = (
			);
			name = WDrone;
			productName = WDrone;
			productReference = 19AF84B7217042AA00329215 /* WDrone.app */;
			productType = "com.apple.product-type.application";
		};
/* End PBXNativeTarget section */

/* Begin PBXProject section */
		19AF84AF217042AA00329215 /* Project object */ = {
			isa = PBXProject;
			attributes = {
				LastSwiftUpdateCheck = 1000;
				LastUpgradeCheck = 1000;
				ORGANIZATIONNAME = "김도안";
				TargetAttributes = {
					19AF84B6217042AA00329215 = {
						CreatedOnToolsVersion = 10.0;
						LastSwiftMigration = 1000;
					};
				};
			};
			buildConfigurationList = 19AF84B2217042AA00329215 /* Build configuration list for PBXProject "WDrone" */;
			compatibilityVersion = "Xcode 9.3";
			developmentRegion = en;
			hasScannedForEncodings = 0;
			knownRegions = (
				en,
				Base,
			);
			mainGroup = 19AF84AE217042AA00329215;
			productRefGroup = 19AF84B8217042AA00329215 /* Products */;
			projectDirPath = "";
			projectRoot = "";
			targets = (
				19AF84B6217042AA00329215 /* WDrone */,
			);
		};
/* End PBXProject section */

/* Begin PBXResourcesBuildPhase section */
		19AF84B5217042AA00329215 /* Resources */ = {
			isa = PBXResourcesBuildPhase;
			buildActionMask = 2147483647;
			files = (
				19AF84F7217075A100329215 /* BMJUA_ttf.ttf in Resources */,
				19AF84F42170490F00329215 /* first_bg.gif in Resources */,
				19AF84C8217042AB00329215 /* LaunchScreen.storyboard in Resources */,
				19630EE32176CE07004C1CE0 /* mainLogo.png in Resources */,
				194C1FAA2187068A0066BA24 /* loader.gif in Resources */,
				19AF84C5217042AB00329215 /* Assets.xcassets in Resources */,
				19AF84C0217042AA00329215 /* Main.storyboard in Resources */,
			);
			runOnlyForDeploymentPostprocessing = 0;
		};
/* End PBXResourcesBuildPhase section */

/* Begin PBXShellScriptBuildPhase section */
		450F3EB92CDF7E2E058739DC /* [CP] Check Pods Manifest.lock */ = {
			isa = PBXShellScriptBuildPhase;
			buildActionMask = 2147483647;
			files = (
			);
			inputPaths = (
				"${PODS_PODFILE_DIR_PATH}/Podfile.lock",
				"${PODS_ROOT}/Manifest.lock",
			);
			name = "[CP] Check Pods Manifest.lock";
			outputPaths = (
				"$(DERIVED_FILE_DIR)/Pods-WDrone-checkManifestLockResult.txt",
			);
			runOnlyForDeploymentPostprocessing = 0;
			shellPath = /bin/sh;
			shellScript = "diff \"${PODS_PODFILE_DIR_PATH}/Podfile.lock\" \"${PODS_ROOT}/Manifest.lock\" > /dev/null\nif [ $? != 0 ] ; then\n    # print error to STDERR\n    echo \"error: The sandbox is not in sync with the Podfile.lock. Run 'pod install' or update your CocoaPods installation.\" >&2\n    exit 1\nfi\n# This output is used by Xcode 'outputs' to avoid re-running this script phase.\necho \"SUCCESS\" > \"${SCRIPT_OUTPUT_FILE_0}\"\n";
			showEnvVarsInLog = 0;
		};
		C65CDF2BC85BF93A2579B60D /* [CP] Embed Pods Frameworks */ = {
			isa = PBXShellScriptBuildPhase;
			buildActionMask = 2147483647;
			files = (
			);
			inputPaths = (
				"${SRCROOT}/Pods/Target Support Files/Pods-WDrone/Pods-WDrone-frameworks.sh",
				"${BUILT_PRODUCTS_DIR}/Alamofire/Alamofire.framework",
			);
			name = "[CP] Embed Pods Frameworks";
			outputPaths = (
				"${TARGET_BUILD_DIR}/${FRAMEWORKS_FOLDER_PATH}/Alamofire.framework",
			);
			runOnlyForDeploymentPostprocessing = 0;
			shellPath = /bin/sh;
			shellScript = "\"${SRCROOT}/Pods/Target Support Files/Pods-WDrone/Pods-WDrone-frameworks.sh\"\n";
			showEnvVarsInLog = 0;
		};
/* End PBXShellScriptBuildPhase section */

/* Begin PBXSourcesBuildPhase section */
		19AF84B3217042AA00329215 /* Sources */ = {
			isa = PBXSourcesBuildPhase;
			buildActionMask = 2147483647;
			files = (
				194C1FA4218700380066BA24 /* CSLoader.swift in Sources */,
				19630EC721742EE9004C1CE0 /* CSRegView.swift in Sources */,
				194C1F7D2186DB1D0066BA24 /* ProductAddController.swift in Sources */,
				19630EFB2178B513004C1CE0 /* SideTableController.swift in Sources */,
				19AF84BB217042AA00329215 /* AppDelegate.swift in Sources */,
				19630EDC2174874D004C1CE0 /* Utils.swift in Sources */,
				19AF84F621704A3B00329215 /* CSButton.swift in Sources */,
				19AF84C3217042AA00329215 /* WDrone.xcdatamodeld in Sources */,
				19AF84D02170435800329215 /* FirstPageController.swift in Sources */,
				199F53CD218040000070D016 /* ProductListVC.swift in Sources */,
				194C1FA02186E9640066BA24 /* AkiraTextField.swift in Sources */,
				19630EE921784E0E004C1CE0 /* SideBarController.swift in Sources */,
				199F53D1218040A70070D016 /* ProductInfoVO.swift in Sources */,
				19630ED221747F67004C1CE0 /* UserInfoVO.swift in Sources */,
				194C1F9D2186E8F00066BA24 /* HoshiTextField.swift in Sources */,
				194C1F792186A8910066BA24 /* ProductManagementVC.swift in Sources */,
				194C1F9E2186E8F00066BA24 /* TextFieldEffects.swift in Sources */,
				19630EF92178559B004C1CE0 /* SWRevealViewController.m in Sources */,
				194C1F7B2186AA080066BA24 /* ProductCell_m.swift in Sources */,
				19AF84D52170447800329215 /* gif_bk.swift in Sources */,
				19AF84F92170809700329215 /* CSTextField.swift in Sources */,
				199F53CF2180402D0070D016 /* ProductCell.swift in Sources */,
			);
			runOnlyForDeploymentPostprocessing = 0;
		};
/* End PBXSourcesBuildPhase section */

/* Begin PBXVariantGroup section */
		19AF84BE217042AA00329215 /* Main.storyboard */ = {
			isa = PBXVariantGroup;
			children = (
				19AF84BF217042AA00329215 /* Base */,
			);
			name = Main.storyboard;
			sourceTree = "<group>";
		};
		19AF84C6217042AB00329215 /* LaunchScreen.storyboard */ = {
			isa = PBXVariantGroup;
			children = (
				19AF84C7217042AB00329215 /* Base */,
			);
			name = LaunchScreen.storyboard;
			sourceTree = "<group>";
		};
/* End PBXVariantGroup section */

/* Begin XCBuildConfiguration section */
		19AF84CA217042AB00329215 /* Debug */ = {
			isa = XCBuildConfiguration;
			buildSettings = {
				ALWAYS_SEARCH_USER_PATHS = NO;
				CLANG_ANALYZER_NONNULL = YES;
				CLANG_ANALYZER_NUMBER_OBJECT_CONVERSION = YES_AGGRESSIVE;
				CLANG_CXX_LANGUAGE_STANDARD = "gnu++14";
				CLANG_CXX_LIBRARY = "libc++";
				CLANG_ENABLE_MODULES = YES;
				CLANG_ENABLE_OBJC_ARC = YES;
				CLANG_ENABLE_OBJC_WEAK = YES;
				CLANG_WARN_BLOCK_CAPTURE_AUTORELEASING = YES;
				CLANG_WARN_BOOL_CONVERSION = YES;
				CLANG_WARN_COMMA = YES;
				CLANG_WARN_CONSTANT_CONVERSION = YES;
				CLANG_WARN_DEPRECATED_OBJC_IMPLEMENTATIONS = YES;
				CLANG_WARN_DIRECT_OBJC_ISA_USAGE = YES_ERROR;
				CLANG_WARN_DOCUMENTATION_COMMENTS = YES;
				CLANG_WARN_EMPTY_BODY = YES;
				CLANG_WARN_ENUM_CONVERSION = YES;
				CLANG_WARN_INFINITE_RECURSION = YES;
				CLANG_WARN_INT_CONVERSION = YES;
				CLANG_WARN_NON_LITERAL_NULL_CONVERSION = YES;
				CLANG_WARN_OBJC_IMPLICIT_RETAIN_SELF = YES;
				CLANG_WARN_OBJC_LITERAL_CONVERSION = YES;
				CLANG_WARN_OBJC_ROOT_CLASS = YES_ERROR;
				CLANG_WARN_RANGE_LOOP_ANALYSIS = YES;
				CLANG_WARN_STRICT_PROTOTYPES = YES;
				CLANG_WARN_SUSPICIOUS_MOVE = YES;
				CLANG_WARN_UNGUARDED_AVAILABILITY = YES_AGGRESSIVE;
				CLANG_WARN_UNREACHABLE_CODE = YES;
				CLANG_WARN__DUPLICATE_METHOD_MATCH = YES;
				CODE_SIGN_IDENTITY = "iPhone Developer";
				COPY_PHASE_STRIP = NO;
				DEBUG_INFORMATION_FORMAT = dwarf;
				ENABLE_STRICT_OBJC_MSGSEND = YES;
				ENABLE_TESTABILITY = YES;
				GCC_C_LANGUAGE_STANDARD = gnu11;
				GCC_DYNAMIC_NO_PIC = NO;
				GCC_NO_COMMON_BLOCKS = YES;
				GCC_OPTIMIZATION_LEVEL = 0;
				GCC_PREPROCESSOR_DEFINITIONS = (
					"DEBUG=1",
					"$(inherited)",
				);
				GCC_WARN_64_TO_32_BIT_CONVERSION = YES;
				GCC_WARN_ABOUT_RETURN_TYPE = YES_ERROR;
				GCC_WARN_UNDECLARED_SELECTOR = YES;
				GCC_WARN_UNINITIALIZED_AUTOS = YES_AGGRESSIVE;
				GCC_WARN_UNUSED_FUNCTION = YES;
				GCC_WARN_UNUSED_VARIABLE = YES;
				IPHONEOS_DEPLOYMENT_TARGET = 12.0;
				MTL_ENABLE_DEBUG_INFO = INCLUDE_SOURCE;
				MTL_FAST_MATH = YES;
				ONLY_ACTIVE_ARCH = YES;
				SDKROOT = iphoneos;
				SWIFT_ACTIVE_COMPILATION_CONDITIONS = DEBUG;
				SWIFT_OPTIMIZATION_LEVEL = "-Onone";
			};
			name = Debug;
		};
		19AF84CB217042AB00329215 /* Release */ = {
			isa = XCBuildConfiguration;
			buildSettings = {
				ALWAYS_SEARCH_USER_PATHS = NO;
				CLANG_ANALYZER_NONNULL = YES;
				CLANG_ANALYZER_NUMBER_OBJECT_CONVERSION = YES_AGGRESSIVE;
				CLANG_CXX_LANGUAGE_STANDARD = "gnu++14";
				CLANG_CXX_LIBRARY = "libc++";
				CLANG_ENABLE_MODULES = YES;
				CLANG_ENABLE_OBJC_ARC = YES;
				CLANG_ENABLE_OBJC_WEAK = YES;
				CLANG_WARN_BLOCK_CAPTURE_AUTORELEASING = YES;
				CLANG_WARN_BOOL_CONVERSION = YES;
				CLANG_WARN_COMMA = YES;
				CLANG_WARN_CONSTANT_CONVERSION = YES;
				CLANG_WARN_DEPRECATED_OBJC_IMPLEMENTATIONS = YES;
				CLANG_WARN_DIRECT_OBJC_ISA_USAGE = YES_ERROR;
				CLANG_WARN_DOCUMENTATION_COMMENTS = YES;
				CLANG_WARN_EMPTY_BODY = YES;
				CLANG_WARN_ENUM_CONVERSION = YES;
				CLANG_WARN_INFINITE_RECURSION = YES;
				CLANG_WARN_INT_CONVERSION = YES;
				CLANG_WARN_NON_LITERAL_NULL_CONVERSION = YES;
				CLANG_WARN_OBJC_IMPLICIT_RETAIN_SELF = YES;
				CLANG_WARN_OBJC_LITERAL_CONVERSION = YES;
				CLANG_WARN_OBJC_ROOT_CLASS = YES_ERROR;
				CLANG_WARN_RANGE_LOOP_ANALYSIS = YES;
				CLANG_WARN_STRICT_PROTOTYPES = YES;
				CLANG_WARN_SUSPICIOUS_MOVE = YES;
				CLANG_WARN_UNGUARDED_AVAILABILITY = YES_AGGRESSIVE;
				CLANG_WARN_UNREACHABLE_CODE = YES;
				CLANG_WARN__DUPLICATE_METHOD_MATCH = YES;
				CODE_SIGN_IDENTITY = "iPhone Developer";
				COPY_PHASE_STRIP = NO;
				DEBUG_INFORMATION_FORMAT = "dwarf-with-dsym";
				ENABLE_NS_ASSERTIONS = NO;
				ENABLE_STRICT_OBJC_MSGSEND = YES;
				GCC_C_LANGUAGE_STANDARD = gnu11;
				GCC_NO_COMMON_BLOCKS = YES;
				GCC_WARN_64_TO_32_BIT_CONVERSION = YES;
				GCC_WARN_ABOUT_RETURN_TYPE = YES_ERROR;
				GCC_WARN_UNDECLARED_SELECTOR = YES;
				GCC_WARN_UNINITIALIZED_AUTOS = YES_AGGRESSIVE;
				GCC_WARN_UNUSED_FUNCTION = YES;
				GCC_WARN_UNUSED_VARIABLE = YES;
				IPHONEOS_DEPLOYMENT_TARGET = 12.0;
				MTL_ENABLE_DEBUG_INFO = NO;
				MTL_FAST_MATH = YES;
				SDKROOT = iphoneos;
				SWIFT_COMPILATION_MODE = wholemodule;
				SWIFT_OPTIMIZATION_LEVEL = "-O";
				VALIDATE_PRODUCT = YES;
			};
			name = Release;
		};
		19AF84CD217042AB00329215 /* Debug */ = {
			isa = XCBuildConfiguration;
			baseConfigurationReference = F82BA1D4BA89AEAD810E94AD /* Pods-WDrone.debug.xcconfig */;
			buildSettings = {
				ASSETCATALOG_COMPILER_APPICON_NAME = AppIcon;
				CLANG_ENABLE_MODULES = YES;
				CODE_SIGN_STYLE = Automatic;
				DEVELOPMENT_TEAM = 5MC79HSTU4;
				INFOPLIST_FILE = WDrone/Info.plist;
				LD_RUNPATH_SEARCH_PATHS = (
					"$(inherited)",
					"@executable_path/Frameworks",
				);
				PRODUCT_BUNDLE_IDENTIFIER = com.wing.WDrone;
				PRODUCT_NAME = "$(TARGET_NAME)";
				SWIFT_OBJC_BRIDGING_HEADER = "WDrone/WDrone-Bridging-Header.h";
				SWIFT_OPTIMIZATION_LEVEL = "-Onone";
				SWIFT_VERSION = 4.2;
				TARGETED_DEVICE_FAMILY = "1,2";
			};
			name = Debug;
		};
		19AF84CE217042AB00329215 /* Release */ = {
			isa = XCBuildConfiguration;
			baseConfigurationReference = DC40139E310F47B1CFFA6607 /* Pods-WDrone.release.xcconfig */;
			buildSettings = {
				ASSETCATALOG_COMPILER_APPICON_NAME = AppIcon;
				CLANG_ENABLE_MODULES = YES;
				CODE_SIGN_STYLE = Automatic;
				DEVELOPMENT_TEAM = 5MC79HSTU4;
				INFOPLIST_FILE = WDrone/Info.plist;
				LD_RUNPATH_SEARCH_PATHS = (
					"$(inherited)",
					"@executable_path/Frameworks",
				);
				ONLY_ACTIVE_ARCH = YES;
				PRODUCT_BUNDLE_IDENTIFIER = com.wing.WDrone;
				PRODUCT_NAME = "$(TARGET_NAME)";
				SWIFT_OBJC_BRIDGING_HEADER = "WDrone/WDrone-Bridging-Header.h";
				SWIFT_VERSION = 4.2;
				TARGETED_DEVICE_FAMILY = "1,2";
			};
			name = Release;
		};
/* End XCBuildConfiguration section */

/* Begin XCConfigurationList section */
		19AF84B2217042AA00329215 /* Build configuration list for PBXProject "WDrone" */ = {
			isa = XCConfigurationList;
			buildConfigurations = (
				19AF84CA217042AB00329215 /* Debug */,
				19AF84CB217042AB00329215 /* Release */,
			);
			defaultConfigurationIsVisible = 0;
			defaultConfigurationName = Release;
		};
		19AF84CC217042AB00329215 /* Build configuration list for PBXNativeTarget "WDrone" */ = {
			isa = XCConfigurationList;
			buildConfigurations = (
				19AF84CD217042AB00329215 /* Debug */,
				19AF84CE217042AB00329215 /* Release */,
			);
			defaultConfigurationIsVisible = 0;
			defaultConfigurationName = Release;
		};
/* End XCConfigurationList section */

/* Begin XCVersionGroup section */
		19AF84C1217042AA00329215 /* WDrone.xcdatamodeld */ = {
			isa = XCVersionGroup;
			children = (
				19AF84C2217042AA00329215 /* WDrone.xcdatamodel */,
			);
			currentVersion = 19AF84C2217042AA00329215 /* WDrone.xcdatamodel */;
			path = WDrone.xcdatamodeld;
			sourceTree = "<group>";
			versionGroupType = wrapper.xcdatamodel;
		};
/* End XCVersionGroup section */
	};
	rootObject = 19AF84AF217042AA00329215 /* Project object */;
}
